{
  "name": "deflet",
  "lockfileVersion": 2,
  "requires": true,
  "packages": {
    "": {
      "devDependencies": {
        "nbb": "^1.2.169"
      }
    },
    "node_modules/import-meta-resolve": {
      "version": "2.2.1",
      "resolved": "https://registry.npmjs.org/import-meta-resolve/-/import-meta-resolve-2.2.1.tgz",
      "integrity": "sha512-C6lLL7EJPY44kBvA80gq4uMsVFw5x3oSKfuMl1cuZ2RkI5+UJqQXgn+6hlUew0y4ig7Ypt4CObAAIzU53Nfpuw==",
      "dev": true,
      "funding": {
        "type": "github",
        "url": "https://github.com/sponsors/wooorm"
      }
    },
    "node_modules/nbb": {
      "version": "1.2.169",
      "resolved": "https://registry.npmjs.org/nbb/-/nbb-1.2.169.tgz",
      "integrity": "sha512-QXIj69cqbJNzq8lKMdfNM8ObDgQPyaeox09nHLeH4CsPrzP9+fElFyAOwzO8iQxDYbxthLbDja13c1RcqDZsQQ==",
      "dev": true,
      "dependencies": {
        "import-meta-resolve": "^2.1.0"
      },
      "bin": {
        "nbb": "cli.js",
        "nbbun": "nbbun.js"
      }
    }
  },
  "dependencies": {
    "import-meta-resolve": {
      "version": "2.2.1",
      "resolved": "https://registry.npmjs.org/import-meta-resolve/-/import-meta-resolve-2.2.1.tgz",
      "integrity": "sha512-C6lLL7EJPY44kBvA80gq4uMsVFw5x3oSKfuMl1cuZ2RkI5+UJqQXgn+6hlUew0y4ig7Ypt4CObAAIzU53Nfpuw==",
      "dev": true
    },
    "nbb": {
      "version": "1.2.169",
      "resolved": "https://registry.npmjs.org/nbb/-/nbb-1.2.169.tgz",
      "integrity": "sha512-QXIj69cqbJNzq8lKMdfNM8ObDgQPyaeox09nHLeH4CsPrzP9+fElFyAOwzO8iQxDYbxthLbDja13c1RcqDZsQQ==",
      "dev": true,
      "requires": {
        "import-meta-resolve": "^2.1.0"
      }
    }
  }
}
